{
  "version": 4,
  "terraform_version": "1.5.5",
  "serial": 774,
  "lineage": "8dcef4aa-aa9a-2db6-6bd6-c06dcb3a964e",
  "outputs": {},
  "resources": [
    {
      "mode": "managed",
      "type": "proxmox_vm_qemu",
      "name": "my_vm",
      "provider": "provider[\"registry.terraform.io/telmate/proxmox\"]",
      "instances": [
        {
          "index_key": 0,
          "schema_version": 0,
          "attributes": {
            "additional_wait": 5,
            "agent": 1,
            "args": "",
            "automatic_reboot": true,
            "balloon": 0,
            "bios": "seabios",
            "boot": "c",
            "bootdisk": "virtio0",
            "bridge": null,
            "ci_wait": null,
            "cicustom": "",
            "cipassword": "",
            "ciuser": "notroot",
            "clone": "my-cloud-init-template",
            "clone_wait": 10,
            "cloudinit_cdrom_storage": null,
            "cores": 2,
            "cpu": "host",
            "default_ipv4_address": null,
            "define_connection_info": true,
            "desc": "",
            "disk": [
              {
                "aio": "",
                "backup": true,
                "cache": "none",
                "discard": "",
                "file": "vm-100-disk-0",
                "format": "raw",
                "iops": 0,
                "iops_max": 0,
                "iops_max_length": 0,
                "iops_rd": 0,
                "iops_rd_max": 0,
                "iops_rd_max_length": 0,
                "iops_wr": 0,
                "iops_wr_max": 0,
                "iops_wr_max_length": 0,
                "iothread": 0,
                "mbps": 0,
                "mbps_rd": 0,
                "mbps_rd_max": 0,
                "mbps_wr": 0,
                "mbps_wr_max": 0,
                "media": "",
                "replicate": 0,
                "size": "35G",
                "slot": 0,
                "ssd": 0,
                "storage": "local-lvm",
                "storage_type": "lvmthin",
                "type": "scsi",
                "volume": "local-lvm:vm-100-disk-0"
              }
            ],
            "disk_gb": null,
            "force_create": false,
            "force_recreate_on_change_of": null,
            "full_clone": true,
            "guest_agent_ready_timeout": 100,
            "hagroup": "",
            "hastate": "",
            "hostpci": [],
            "hotplug": "network,disk,usb",
            "id": "pve/qemu/100",
            "ipconfig0": "ip=172.30.60.171/24,gw=172.30.60.1",
            "ipconfig1": "",
            "ipconfig10": "",
            "ipconfig11": "",
            "ipconfig12": "",
            "ipconfig13": "",
            "ipconfig14": "",
            "ipconfig15": "",
            "ipconfig2": "",
            "ipconfig3": "",
            "ipconfig4": "",
            "ipconfig5": "",
            "ipconfig6": "",
            "ipconfig7": "",
            "ipconfig8": "",
            "ipconfig9": "",
            "iso": null,
            "kvm": true,
            "mac": null,
            "machine": "",
            "memory": 2048,
            "name": "my-vm",
            "nameserver": "",
            "network": [
              {
                "bridge": "vmbr0",
                "firewall": false,
                "link_down": false,
                "macaddr": "02:93:2E:D5:97:7E",
                "model": "virtio",
                "mtu": 0,
                "queues": 0,
                "rate": 0,
                "tag": -1
              }
            ],
            "nic": null,
            "numa": false,
            "onboot": false,
            "oncreate": true,
            "os_network_config": null,
            "os_type": null,
            "pool": "",
            "preprovision": true,
            "pxe": null,
            "qemu_os": "l26",
            "reboot_required": false,
            "scsihw": "lsi",
            "searchdomain": "",
            "serial": [],
            "sockets": 1,
            "ssh_forward_ip": null,
            "ssh_host": null,
            "ssh_port": null,
            "ssh_private_key": null,
            "ssh_user": null,
            "sshkeys": "  ssh-rsa AAAAB3NzaC1yc2EAAAADAQABAAACAQCx9PuQRyIC+w5ozF9+qWtWPUzAWV9XDGF3k6ToppJyaFbWwUlbmovGeTFtbr2oVKgfUAxYDSs/g8CPBipS7OE6VIOq7El+nRb0MxQW3b0/O76klMDzpZcyPJty8gJUXcY59FqBIKdXcXp1vItjSy8L6M40Bw8zv1PyCWB3xTZufpSmTltwjlrMiTm47MvR4ZpqZtnwithn+U/I3eP2rGzdch7zFbsaa7I2JFeAnR9sao/wwQZEUiNoPEn8ICyGWOzr7KZgsyc6lgr+5ep8g9j98PXwcEwBd5cimUNRna+FcTnB7jlMGZM5qrPNcPx+nuDcL1Gr4o7cFDvcP3dM0X+rbggxzJ3ii77FNzQnr0XGueqpllGRYReQgqAYbX0Sqglen8f8J9JcSmDNFV8lipSsViDRkvL/9Yj6Cy8rSX9/hMjTeN8DkUWniTik46rbO9Aw3Ji6l/F/FYeOJPyMul21KXc9cMCWs95HW+GyfcOWfrTW9TkqnSZJX0umzTyNnoTKLdVxUKgdxbvgVq5zn53q81PVY6L1gLjfSQXUuUM2i6/Jhx3UN9l3N4VKjkBd13k8YPXW1UeU+eGhfMiyCNfxYxqI37pgLYHw4bqJt7jdGjWOhJeLW1yxS6FPKqfQg9Ccxd3kZPiSePuKlp3kbr7As0DiK0kiEKlULnOqUyX9BQ== brillingerdavid@gmail.com\n\n",
            "startup": "",
            "storage": null,
            "storage_type": null,
            "tablet": true,
            "tags": "",
            "target_node": "pve",
            "timeouts": null,
            "unused_disk": [],
            "usb": [],
            "vcpus": 2,
            "vga": [],
            "vlan": -1,
            "vmid": null
          },
          "sensitive_attributes": [],
          "private": "eyJlMmJmYjczMC1lY2FhLTExZTYtOGY4OC0zNDM2M2JjN2M0YzAiOnsiY3JlYXRlIjoxMjAwMDAwMDAwMDAwLCJkZWZhdWx0IjoxMjAwMDAwMDAwMDAwLCJkZWxldGUiOjEyMDAwMDAwMDAwMDAsInJlYWQiOjEyMDAwMDAwMDAwMDAsInVwZGF0ZSI6MTIwMDAwMDAwMDAwMH19"
        }
      ]
    }
  ],
  "check_results": null
}
